{
  "name": "BDAPP",
  "lockfileVersion": 2,
  "requires": true,
  "packages": {
    "": {
      "dependencies": {
        "bootstrap": "5.1",
        "react-cookie": "^4.1.1",
        "react-router-dom": "^5.3.0",
        "reactstrap": "^8.10.0"
      }
    },
    "node_modules/@babel/runtime": {
      "version": "7.16.5",
      "resolved": "https://packages.syncron.team:443/api/npm/syncron-npm/@babel/runtime/-/runtime-7.16.5.tgz",
      "integrity": "sha1-fz40v4vbut8D+7ex6g2SlWnJSHo=",
      "license": "MIT",
      "dependencies": {
        "regenerator-runtime": "^0.13.4"
      },
      "engines": {
        "node": ">=6.9.0"
      }
    },
    "node_modules/@hypnosphi/create-react-context": {
      "version": "0.3.1",
      "resolved": "https://packages.syncron.team:443/api/npm/syncron-npm/@hypnosphi/create-react-context/-/create-react-context-0.3.1.tgz",
      "integrity": "sha1-+L/r3HZl9dQmy6N1Pg6cfTFU18Y=",
      "license": "MIT",
      "dependencies": {
        "gud": "^1.0.0",
        "warning": "^4.0.3"
      },
      "peerDependencies": {
        "prop-types": "^15.0.0",
        "react": ">=0.14.0"
      }
    },
    "node_modules/@popperjs/core": {
      "version": "2.11.0",
      "resolved": "https://packages.syncron.team:443/api/npm/syncron-npm/@popperjs/core/-/core-2.11.0.tgz",
      "integrity": "sha1-ZzT468EGoIYN/3+Sv5DfGT8JNdc=",
      "license": "MIT",
      "peer": true,
      "funding": {
        "type": "opencollective",
        "url": "https://opencollective.com/popperjs"
      }
    },
    "node_modules/@types/cookie": {
      "version": "0.3.3",
      "resolved": "https://packages.syncron.team:443/api/npm/syncron-npm/@types/cookie/-/cookie-0.3.3.tgz",
      "integrity": "sha1-hbx0ungvt6o6UU0RdngysOO8aAM=",
      "license": "MIT"
    },
    "node_modules/@types/hoist-non-react-statics": {
      "version": "3.3.1",
      "resolved": "https://packages.syncron.team:443/api/npm/syncron-npm/@types/hoist-non-react-statics/-/hoist-non-react-statics-3.3.1.tgz",
      "integrity": "sha1-ESSq/lEYy1kZd66xzqrtEHDrA58=",
      "license": "MIT",
      "dependencies": {
        "@types/react": "*",
        "hoist-non-react-statics": "^3.3.0"
      }
    },
    "node_modules/@types/prop-types": {
      "version": "15.7.4",
      "resolved": "https://packages.syncron.team:443/api/npm/syncron-npm/@types/prop-types/-/prop-types-15.7.4.tgz",
      "integrity": "sha1-/PcgXCXf95Xuea8eMNosl5CAjxE=",
      "license": "MIT"
    },
    "node_modules/@types/react": {
      "version": "17.0.37",
      "resolved": "https://packages.syncron.team:443/api/npm/syncron-npm/@types/react/-/react-17.0.37.tgz",
      "integrity": "sha1-aITQqkAmBZNcOXrmid7tEVyq2Vk=",
      "license": "MIT",
      "dependencies": {
        "@types/prop-types": "*",
        "@types/scheduler": "*",
        "csstype": "^3.0.2"
      }
    },
    "node_modules/@types/scheduler": {
      "version": "0.16.2",
      "resolved": "https://packages.syncron.team:443/api/npm/syncron-npm/@types/scheduler/-/scheduler-0.16.2.tgz",
      "integrity": "sha1-GmL4lSVyPd4kuhsBsJK/XfitTTk=",
      "license": "MIT"
    },
    "node_modules/bootstrap": {
      "version": "5.1.3",
      "resolved": "https://packages.syncron.team:443/api/npm/syncron-npm/bootstrap/-/bootstrap-5.1.3.tgz",
      "integrity": "sha1-uggbDBMPgQ+nCQCsvBxtPCj6jzQ=",
      "license": "MIT",
      "funding": {
        "type": "opencollective",
        "url": "https://opencollective.com/bootstrap"
      },
      "peerDependencies": {
        "@popperjs/core": "^2.10.2"
      }
    },
    "node_modules/call-bind": {
      "version": "1.0.2",
      "resolved": "https://packages.syncron.team:443/api/npm/syncron-npm/call-bind/-/call-bind-1.0.2.tgz",
      "integrity": "sha1-sdTonmiBGcPJqQOtMKuy9qkZvjw=",
      "license": "MIT",
      "dependencies": {
        "function-bind": "^1.1.1",
        "get-intrinsic": "^1.0.2"
      },
      "funding": {
        "url": "https://github.com/sponsors/ljharb"
      }
    },
    "node_modules/classnames": {
      "version": "2.3.1",
      "resolved": "https://packages.syncron.team:443/api/npm/syncron-npm/classnames/-/classnames-2.3.1.tgz",
      "integrity": "sha1-38+jiR4wbsHa0QXQ6I9EF7hTXo4=",
      "license": "MIT"
    },
    "node_modules/cookie": {
      "version": "0.4.1",
      "resolved": "https://packages.syncron.team:443/api/npm/syncron-npm/cookie/-/cookie-0.4.1.tgz",
      "integrity": "sha1-r9cT/ibr0hupXOth+agRblClN9E=",
      "license": "MIT",
      "engines": {
        "node": ">= 0.6"
      }
    },
    "node_modules/csstype": {
      "version": "3.0.10",
      "resolved": "https://packages.syncron.team:443/api/npm/syncron-npm/csstype/-/csstype-3.0.10.tgz",
      "integrity": "sha1-KtOnvtcPNbllcHwJLl8wsyfCkOU=",
      "license": "MIT"
    },
    "node_modules/deep-equal": {
      "version": "1.1.1",
      "resolved": "https://packages.syncron.team:443/api/npm/syncron-npm/deep-equal/-/deep-equal-1.1.1.tgz",
      "integrity": "sha1-tcmMlCzv+vfLBR4k4UNKJaLmB2o=",
      "license": "MIT",
      "dependencies": {
        "is-arguments": "^1.0.4",
        "is-date-object": "^1.0.1",
        "is-regex": "^1.0.4",
        "object-is": "^1.0.1",
        "object-keys": "^1.1.1",
        "regexp.prototype.flags": "^1.2.0"
      },
      "funding": {
        "url": "https://github.com/sponsors/ljharb"
      }
    },
    "node_modules/define-properties": {
      "version": "1.1.3",
      "resolved": "https://packages.syncron.team:443/api/npm/syncron-npm/define-properties/-/define-properties-1.1.3.tgz",
      "integrity": "sha1-z4jabL7ib+bbcJT2HYcMvYTO6fE=",
      "license": "MIT",
      "dependencies": {
        "object-keys": "^1.0.12"
      },
      "engines": {
        "node": ">= 0.4"
      }
    },
    "node_modules/dom-helpers": {
      "version": "3.4.0",
      "resolved": "https://packages.syncron.team:443/api/npm/syncron-npm/dom-helpers/-/dom-helpers-3.4.0.tgz",
      "integrity": "sha1-6bNpcA+Vn2Ls3lprq95LzNkWmvg=",
      "license": "MIT",
      "dependencies": {
        "@babel/runtime": "^7.1.2"
      }
    },
    "node_modules/function-bind": {
      "version": "1.1.1",
      "resolved": "https://packages.syncron.team:443/api/npm/syncron-npm/function-bind/-/function-bind-1.1.1.tgz",
      "integrity": "sha1-pWiZ0+o8m6uHS7l3O3xe3pL0iV0=",
      "license": "MIT"
    },
    "node_modules/get-intrinsic": {
      "version": "1.1.1",
      "resolved": "https://packages.syncron.team:443/api/npm/syncron-npm/get-intrinsic/-/get-intrinsic-1.1.1.tgz",
      "integrity": "sha1-FfWfN2+FXERpY5SPDSTNNje0q8Y=",
      "license": "MIT",
      "dependencies": {
        "function-bind": "^1.1.1",
        "has": "^1.0.3",
        "has-symbols": "^1.0.1"
      },
      "funding": {
        "url": "https://github.com/sponsors/ljharb"
      }
    },
    "node_modules/gud": {
      "version": "1.0.0",
      "resolved": "https://packages.syncron.team:443/api/npm/syncron-npm/gud/-/gud-1.0.0.tgz",
      "integrity": "sha1-pIlYGxfmpwvsqavjrlfeekmYUsA=",
      "license": "MIT"
    },
    "node_modules/has": {
      "version": "1.0.3",
      "resolved": "https://packages.syncron.team:443/api/npm/syncron-npm/has/-/has-1.0.3.tgz",
      "integrity": "sha1-ci18v8H2qoJB8W3YFOAR4fQeh5Y=",
      "license": "MIT",
      "dependencies": {
        "function-bind": "^1.1.1"
      },
      "engines": {
        "node": ">= 0.4.0"
      }
    },
    "node_modules/has-symbols": {
      "version": "1.0.2",
      "resolved": "https://packages.syncron.team:443/api/npm/syncron-npm/has-symbols/-/has-symbols-1.0.2.tgz",
      "integrity": "sha1-Fl0wcMADCXUqEjakeTMeOsVvFCM=",
      "license": "MIT",
      "engines": {
        "node": ">= 0.4"
      },
      "funding": {
        "url": "https://github.com/sponsors/ljharb"
      }
    },
    "node_modules/has-tostringtag": {
      "version": "1.0.0",
      "resolved": "https://packages.syncron.team:443/api/npm/syncron-npm/has-tostringtag/-/has-tostringtag-1.0.0.tgz",
      "integrity": "sha1-fhM4GKfTlHNPlB5zw9P5KR5liyU=",
      "license": "MIT",
      "dependencies": {
        "has-symbols": "^1.0.2"
      },
      "engines": {
        "node": ">= 0.4"
      },
      "funding": {
        "url": "https://github.com/sponsors/ljharb"
      }
    },
    "node_modules/history": {
      "version": "4.10.1",
      "resolved": "https://packages.syncron.team:443/api/npm/syncron-npm/history/-/history-4.10.1.tgz",
      "integrity": "sha1-MzcaZeOoOyZ0NOKz87G0xYqtTPM=",
      "license": "MIT",
      "dependencies": {
        "@babel/runtime": "^7.1.2",
        "loose-envify": "^1.2.0",
        "resolve-pathname": "^3.0.0",
        "tiny-invariant": "^1.0.2",
        "tiny-warning": "^1.0.0",
        "value-equal": "^1.0.1"
      }
    },
    "node_modules/hoist-non-react-statics": {
      "version": "3.3.2",
      "resolved": "https://packages.syncron.team:443/api/npm/syncron-npm/hoist-non-react-statics/-/hoist-non-react-statics-3.3.2.tgz",
      "integrity": "sha1-7OCsr3HWLClpwuxZ/v9CpLGoW0U=",
      "license": "BSD-3-Clause",
      "dependencies": {
        "react-is": "^16.7.0"
      }
    },
    "node_modules/is-arguments": {
      "version": "1.1.1",
      "resolved": "https://packages.syncron.team:443/api/npm/syncron-npm/is-arguments/-/is-arguments-1.1.1.tgz",
      "integrity": "sha1-FbP4j9oB8ql/7ITKdhpWDxI++ps=",
      "license": "MIT",
      "dependencies": {
        "call-bind": "^1.0.2",
        "has-tostringtag": "^1.0.0"
      },
      "engines": {
        "node": ">= 0.4"
      },
      "funding": {
        "url": "https://github.com/sponsors/ljharb"
      }
    },
    "node_modules/is-date-object": {
      "version": "1.0.5",
      "resolved": "https://packages.syncron.team:443/api/npm/syncron-npm/is-date-object/-/is-date-object-1.0.5.tgz",
      "integrity": "sha1-CEHVU25yTCVZe/bqYuG9OCmN8x8=",
      "license": "MIT",
      "dependencies": {
        "has-tostringtag": "^1.0.0"
      },
      "engines": {
        "node": ">= 0.4"
      },
      "funding": {
        "url": "https://github.com/sponsors/ljharb"
      }
    },
    "node_modules/is-regex": {
      "version": "1.1.4",
      "resolved": "https://packages.syncron.team:443/api/npm/syncron-npm/is-regex/-/is-regex-1.1.4.tgz",
      "integrity": "sha1-7vVmPNWfpMCuM5UFMj32hUuxWVg=",
      "license": "MIT",
      "dependencies": {
        "call-bind": "^1.0.2",
        "has-tostringtag": "^1.0.0"
      },
      "engines": {
        "node": ">= 0.4"
      },
      "funding": {
        "url": "https://github.com/sponsors/ljharb"
      }
    },
    "node_modules/isarray": {
      "version": "0.0.1",
      "resolved": "https://packages.syncron.team:443/api/npm/syncron-npm/isarray/-/isarray-0.0.1.tgz",
      "integrity": "sha1-ihis/Kmo9Bd+Cav8YDiTmwXR7t8=",
      "license": "MIT"
    },
    "node_modules/js-tokens": {
      "version": "4.0.0",
      "resolved": "https://packages.syncron.team:443/api/npm/syncron-npm/js-tokens/-/js-tokens-4.0.0.tgz",
      "integrity": "sha1-GSA/tZmR35jjoocFDUZHzerzJJk=",
      "license": "MIT"
    },
    "node_modules/loose-envify": {
      "version": "1.4.0",
      "resolved": "https://packages.syncron.team:443/api/npm/syncron-npm/loose-envify/-/loose-envify-1.4.0.tgz",
      "integrity": "sha1-ce5R+nvkyuwaY4OffmgtgTLTDK8=",
      "license": "MIT",
      "dependencies": {
        "js-tokens": "^3.0.0 || ^4.0.0"
      },
      "bin": {
        "loose-envify": "cli.js"
      }
    },
    "node_modules/mini-create-react-context": {
      "version": "0.4.1",
      "resolved": "https://packages.syncron.team:443/api/npm/syncron-npm/mini-create-react-context/-/mini-create-react-context-0.4.1.tgz",
      "integrity": "sha1-ByFxVhv9ySLaCKYMIZekl8wtHV4=",
      "license": "MIT",
      "dependencies": {
        "@babel/runtime": "^7.12.1",
        "tiny-warning": "^1.0.3"
      },
      "peerDependencies": {
        "prop-types": "^15.0.0",
        "react": "^0.14.0 || ^15.0.0 || ^16.0.0 || ^17.0.0"
      }
    },
    "node_modules/object-assign": {
      "version": "4.1.1",
      "resolved": "https://packages.syncron.team:443/api/npm/syncron-npm/object-assign/-/object-assign-4.1.1.tgz",
      "integrity": "sha1-IQmtx5ZYh8/AXLvUQsrIv7s2CGM=",
      "license": "MIT",
      "engines": {
        "node": ">=0.10.0"
      }
    },
    "node_modules/object-is": {
      "version": "1.1.5",
      "resolved": "https://packages.syncron.team:443/api/npm/syncron-npm/object-is/-/object-is-1.1.5.tgz",
      "integrity": "sha1-ud7qpfx/GEag+uzc7sE45XePU6w=",
      "license": "MIT",
      "dependencies": {
        "call-bind": "^1.0.2",
        "define-properties": "^1.1.3"
      },
      "engines": {
        "node": ">= 0.4"
      },
      "funding": {
        "url": "https://github.com/sponsors/ljharb"
      }
    },
    "node_modules/object-keys": {
      "version": "1.1.1",
      "resolved": "https://packages.syncron.team:443/api/npm/syncron-npm/object-keys/-/object-keys-1.1.1.tgz",
      "integrity": "sha1-HEfyct8nfzsdrwYWd9nILiMixg4=",
      "license": "MIT",
      "engines": {
        "node": ">= 0.4"
      }
    },
    "node_modules/path-to-regexp": {
      "version": "1.8.0",
      "resolved": "https://packages.syncron.team:443/api/npm/syncron-npm/path-to-regexp/-/path-to-regexp-1.8.0.tgz",
      "integrity": "sha1-iHs7qdhDk+h6CgufTLdWGYtTVIo=",
      "license": "MIT",
      "dependencies": {
        "isarray": "0.0.1"
      }
    },
    "node_modules/popper.js": {
      "version": "1.16.1",
      "resolved": "https://packages.syncron.team:443/api/npm/syncron-npm/popper.js/-/popper.js-1.16.1.tgz",
      "integrity": "sha1-KiI8s9x7YhPXQOQDcr5A3kPmWxs=",
      "deprecated": "You can find the new Popper v2 at @popperjs/core, this package is dedicated to the legacy v1",
      "license": "MIT",
      "funding": {
        "type": "opencollective",
        "url": "https://opencollective.com/popperjs"
      }
    },
    "node_modules/prop-types": {
      "version": "15.7.2",
      "resolved": "https://packages.syncron.team:443/api/npm/syncron-npm/prop-types/-/prop-types-15.7.2.tgz",
      "integrity": "sha1-UsQedbjIfnK52TYOAga5ncv/psU=",
      "license": "MIT",
      "dependencies": {
        "loose-envify": "^1.4.0",
        "object-assign": "^4.1.1",
        "react-is": "^16.8.1"
      }
    },
    "node_modules/react": {
      "version": "17.0.2",
      "resolved": "https://packages.syncron.team:443/api/npm/syncron-npm/react/-/react-17.0.2.tgz",
      "integrity": "sha1-0LXMUW0p6z7uOD91tihkz7aAADc=",
      "license": "MIT",
      "peer": true,
      "dependencies": {
        "loose-envify": "^1.1.0",
        "object-assign": "^4.1.1"
      },
      "engines": {
        "node": ">=0.10.0"
      }
    },
    "node_modules/react-cookie": {
      "version": "4.1.1",
      "resolved": "https://packages.syncron.team:443/api/npm/syncron-npm/react-cookie/-/react-cookie-4.1.1.tgz",
      "integrity": "sha1-gy4TStcg4N4+A96s6qsXnEBhoZ0=",
      "license": "MIT",
      "dependencies": {
        "@types/hoist-non-react-statics": "^3.0.1",
        "hoist-non-react-statics": "^3.0.0",
        "universal-cookie": "^4.0.0"
      },
      "peerDependencies": {
        "react": ">= 16.3.0"
      }
    },
    "node_modules/react-dom": {
      "version": "17.0.2",
      "resolved": "https://packages.syncron.team:443/api/npm/syncron-npm/react-dom/-/react-dom-17.0.2.tgz",
      "integrity": "sha1-7P+2hF462Nv83EmPDQqTlzZQLCM=",
      "license": "MIT",
      "peer": true,
      "dependencies": {
        "loose-envify": "^1.1.0",
        "object-assign": "^4.1.1",
        "scheduler": "^0.20.2"
      },
      "peerDependencies": {
        "react": "17.0.2"
      }
    },
    "node_modules/react-is": {
      "version": "16.13.1",
      "resolved": "https://packages.syncron.team:443/api/npm/syncron-npm/react-is/-/react-is-16.13.1.tgz",
      "integrity": "sha1-eJcppNw23imZ3BVt1sHZwYzqVqQ=",
      "license": "MIT"
    },
    "node_modules/react-lifecycles-compat": {
      "version": "3.0.4",
      "resolved": "https://packages.syncron.team:443/api/npm/syncron-npm/react-lifecycles-compat/-/react-lifecycles-compat-3.0.4.tgz",
      "integrity": "sha1-TxonOv38jzSIqMUWv9p4+HI1I2I=",
      "license": "MIT"
    },
    "node_modules/react-popper": {
      "version": "1.3.11",
      "resolved": "https://packages.syncron.team:443/api/npm/syncron-npm/react-popper/-/react-popper-1.3.11.tgz",
      "integrity": "sha1-osw/Cme3W2bPpi0sQJ+d0fzHH/0=",
      "license": "MIT",
      "dependencies": {
        "@babel/runtime": "^7.1.2",
        "@hypnosphi/create-react-context": "^0.3.1",
        "deep-equal": "^1.1.1",
        "popper.js": "^1.14.4",
        "prop-types": "^15.6.1",
        "typed-styles": "^0.0.7",
        "warning": "^4.0.2"
      },
      "peerDependencies": {
        "react": "0.14.x || ^15.0.0 || ^16.0.0 || ^17.0.0"
      }
    },
    "node_modules/react-router": {
      "version": "5.2.1",
      "resolved": "https://packages.syncron.team:443/api/npm/syncron-npm/react-router/-/react-router-5.2.1.tgz",
      "integrity": "sha1-TS5OnVrpQlCRhFuNvG2dJ2I5d00=",
      "license": "MIT",
      "dependencies": {
        "@babel/runtime": "^7.12.13",
        "history": "^4.9.0",
        "hoist-non-react-statics": "^3.1.0",
        "loose-envify": "^1.3.1",
        "mini-create-react-context": "^0.4.0",
        "path-to-regexp": "^1.7.0",
        "prop-types": "^15.6.2",
        "react-is": "^16.6.0",
        "tiny-invariant": "^1.0.2",
        "tiny-warning": "^1.0.0"
      },
      "peerDependencies": {
        "react": ">=15"
      }
    },
    "node_modules/react-router-dom": {
      "version": "5.3.0",
      "resolved": "https://packages.syncron.team:443/api/npm/syncron-npm/react-router-dom/-/react-router-dom-5.3.0.tgz",
      "integrity": "sha1-2hv7U1oOiacSqTuX3Xb0etHzI2M=",
      "license": "MIT",
      "dependencies": {
        "@babel/runtime": "^7.12.13",
        "history": "^4.9.0",
        "loose-envify": "^1.3.1",
        "prop-types": "^15.6.2",
        "react-router": "5.2.1",
        "tiny-invariant": "^1.0.2",
        "tiny-warning": "^1.0.0"
      },
      "peerDependencies": {
        "react": ">=15"
      }
    },
    "node_modules/react-transition-group": {
      "version": "2.9.0",
      "resolved": "https://packages.syncron.team:443/api/npm/syncron-npm/react-transition-group/-/react-transition-group-2.9.0.tgz",
      "integrity": "sha1-35zbAleWIRFRpDbGmo87l7WwfI0=",
      "license": "BSD-3-Clause",
      "dependencies": {
        "dom-helpers": "^3.4.0",
        "loose-envify": "^1.4.0",
        "prop-types": "^15.6.2",
        "react-lifecycles-compat": "^3.0.4"
      },
      "peerDependencies": {
        "react": ">=15.0.0",
        "react-dom": ">=15.0.0"
      }
    },
    "node_modules/reactstrap": {
      "version": "8.10.0",
      "resolved": "https://packages.syncron.team:443/api/npm/syncron-npm/reactstrap/-/reactstrap-8.10.0.tgz",
      "integrity": "sha1-3bgwZ1JqCnzxxOiYjG6Idn0zbpw=",
      "license": "MIT",
      "dependencies": {
        "@babel/runtime": "^7.12.5",
        "classnames": "^2.2.3",
        "prop-types": "^15.5.8",
        "react-popper": "^1.3.6",
        "react-transition-group": "^2.3.1"
      },
      "peerDependencies": {
        "react": ">=16.3.0",
        "react-dom": ">=16.3.0"
      }
    },
    "node_modules/regenerator-runtime": {
      "version": "0.13.9",
      "resolved": "https://packages.syncron.team:443/api/npm/syncron-npm/regenerator-runtime/-/regenerator-runtime-0.13.9.tgz",
      "integrity": "sha1-iSV0Kpj/2QgUmI11Zq0wyjsmO1I=",
      "license": "MIT"
    },
    "node_modules/regexp.prototype.flags": {
      "version": "1.3.1",
      "resolved": "https://packages.syncron.team:443/api/npm/syncron-npm/regexp.prototype.flags/-/regexp.prototype.flags-1.3.1.tgz",
      "integrity": "sha1-fvNSro0VnnWMDq3Kb4/LTu8HviY=",
      "license": "MIT",
      "dependencies": {
        "call-bind": "^1.0.2",
        "define-properties": "^1.1.3"
      },
      "engines": {
        "node": ">= 0.4"
      },
      "funding": {
        "url": "https://github.com/sponsors/ljharb"
      }
    },
    "node_modules/resolve-pathname": {
      "version": "3.0.0",
      "resolved": "https://packages.syncron.team:443/api/npm/syncron-npm/resolve-pathname/-/resolve-pathname-3.0.0.tgz",
      "integrity": "sha1-mdAiJNPPJjaJvsuzk7xWAxMCXc0=",
      "license": "MIT"
    },
    "node_modules/scheduler": {
      "version": "0.20.2",
      "resolved": "https://packages.syncron.team:443/api/npm/syncron-npm/scheduler/-/scheduler-0.20.2.tgz",
      "integrity": "sha1-S67jlDbjSqk7SHS93L8P6Li1DpE=",
      "license": "MIT",
      "peer": true,
      "dependencies": {
        "loose-envify": "^1.1.0",
        "object-assign": "^4.1.1"
      }
    },
    "node_modules/tiny-invariant": {
      "version": "1.2.0",
      "resolved": "https://packages.syncron.team:443/api/npm/syncron-npm/tiny-invariant/-/tiny-invariant-1.2.0.tgz",
      "integrity": "sha1-oRQfhrZyqRSMcul4oZpzublKFak=",
      "license": "MIT"
    },
    "node_modules/tiny-warning": {
      "version": "1.0.3",
      "resolved": "https://packages.syncron.team:443/api/npm/syncron-npm/tiny-warning/-/tiny-warning-1.0.3.tgz",
      "integrity": "sha1-lKMNtFPfTGQ9D9VmBg1gqHXYR1Q=",
      "license": "MIT"
    },
    "node_modules/typed-styles": {
      "version": "0.0.7",
      "resolved": "https://packages.syncron.team:443/api/npm/syncron-npm/typed-styles/-/typed-styles-0.0.7.tgz",
      "integrity": "sha1-kzkqAIeUxFlRGf9i3eaAnbxAo9k=",
      "license": "MIT"
    },
    "node_modules/universal-cookie": {
      "version": "4.0.4",
      "resolved": "https://packages.syncron.team:443/api/npm/syncron-npm/universal-cookie/-/universal-cookie-4.0.4.tgz",
      "integrity": "sha1-BuizYlv5rwSVae+XEJtLsiateY0=",
      "license": "MIT",
      "dependencies": {
        "@types/cookie": "^0.3.3",
        "cookie": "^0.4.0"
      }
    },
    "node_modules/value-equal": {
      "version": "1.0.1",
      "resolved": "https://packages.syncron.team:443/api/npm/syncron-npm/value-equal/-/value-equal-1.0.1.tgz",
      "integrity": "sha1-Hgt5THNMXAyt4XnEN9NW2TGjTWw=",
      "license": "MIT"
    },
    "node_modules/warning": {
      "version": "4.0.3",
      "resolved": "https://packages.syncron.team:443/api/npm/syncron-npm/warning/-/warning-4.0.3.tgz",
      "integrity": "sha1-Fungd+uKhtavfWSqHgX9hbRnjKM=",
      "license": "MIT",
      "dependencies": {
        "loose-envify": "^1.0.0"
      }
    }
  },
  "dependencies": {
    "@babel/runtime": {
      "version": "7.16.5",
      "resolved": "https://packages.syncron.team:443/api/npm/syncron-npm/@babel/runtime/-/runtime-7.16.5.tgz",
      "integrity": "sha1-fz40v4vbut8D+7ex6g2SlWnJSHo=",
      "requires": {
        "regenerator-runtime": "^0.13.4"
      }
    },
    "@hypnosphi/create-react-context": {
      "version": "0.3.1",
      "resolved": "https://packages.syncron.team:443/api/npm/syncron-npm/@hypnosphi/create-react-context/-/create-react-context-0.3.1.tgz",
      "integrity": "sha1-+L/r3HZl9dQmy6N1Pg6cfTFU18Y=",
      "requires": {
        "gud": "^1.0.0",
        "warning": "^4.0.3"
      }
    },
    "@popperjs/core": {
      "version": "2.11.0",
      "resolved": "https://packages.syncron.team:443/api/npm/syncron-npm/@popperjs/core/-/core-2.11.0.tgz",
      "integrity": "sha1-ZzT468EGoIYN/3+Sv5DfGT8JNdc=",
      "peer": true
    },
    "@types/cookie": {
      "version": "0.3.3",
      "resolved": "https://packages.syncron.team:443/api/npm/syncron-npm/@types/cookie/-/cookie-0.3.3.tgz",
      "integrity": "sha1-hbx0ungvt6o6UU0RdngysOO8aAM="
    },
    "@types/hoist-non-react-statics": {
      "version": "3.3.1",
      "resolved": "https://packages.syncron.team:443/api/npm/syncron-npm/@types/hoist-non-react-statics/-/hoist-non-react-statics-3.3.1.tgz",
      "integrity": "sha1-ESSq/lEYy1kZd66xzqrtEHDrA58=",
      "requires": {
        "@types/react": "*",
        "hoist-non-react-statics": "^3.3.0"
      }
    },
    "@types/prop-types": {
      "version": "15.7.4",
      "resolved": "https://packages.syncron.team:443/api/npm/syncron-npm/@types/prop-types/-/prop-types-15.7.4.tgz",
      "integrity": "sha1-/PcgXCXf95Xuea8eMNosl5CAjxE="
    },
    "@types/react": {
      "version": "17.0.37",
      "resolved": "https://packages.syncron.team:443/api/npm/syncron-npm/@types/react/-/react-17.0.37.tgz",
      "integrity": "sha1-aITQqkAmBZNcOXrmid7tEVyq2Vk=",
      "requires": {
        "@types/prop-types": "*",
        "@types/scheduler": "*",
        "csstype": "^3.0.2"
      }
    },
    "@types/scheduler": {
      "version": "0.16.2",
      "resolved": "https://packages.syncron.team:443/api/npm/syncron-npm/@types/scheduler/-/scheduler-0.16.2.tgz",
      "integrity": "sha1-GmL4lSVyPd4kuhsBsJK/XfitTTk="
    },
    "bootstrap": {
      "version": "5.1.3",
      "resolved": "https://packages.syncron.team:443/api/npm/syncron-npm/bootstrap/-/bootstrap-5.1.3.tgz",
      "integrity": "sha1-uggbDBMPgQ+nCQCsvBxtPCj6jzQ=",
      "requires": {}
    },
    "call-bind": {
      "version": "1.0.2",
      "resolved": "https://packages.syncron.team:443/api/npm/syncron-npm/call-bind/-/call-bind-1.0.2.tgz",
      "integrity": "sha1-sdTonmiBGcPJqQOtMKuy9qkZvjw=",
      "requires": {
        "function-bind": "^1.1.1",
        "get-intrinsic": "^1.0.2"
      }
    },
    "classnames": {
      "version": "2.3.1",
      "resolved": "https://packages.syncron.team:443/api/npm/syncron-npm/classnames/-/classnames-2.3.1.tgz",
      "integrity": "sha1-38+jiR4wbsHa0QXQ6I9EF7hTXo4="
    },
    "cookie": {
      "version": "0.4.1",
      "resolved": "https://packages.syncron.team:443/api/npm/syncron-npm/cookie/-/cookie-0.4.1.tgz",
      "integrity": "sha1-r9cT/ibr0hupXOth+agRblClN9E="
    },
    "csstype": {
      "version": "3.0.10",
      "resolved": "https://packages.syncron.team:443/api/npm/syncron-npm/csstype/-/csstype-3.0.10.tgz",
      "integrity": "sha1-KtOnvtcPNbllcHwJLl8wsyfCkOU="
    },
    "deep-equal": {
      "version": "1.1.1",
      "resolved": "https://packages.syncron.team:443/api/npm/syncron-npm/deep-equal/-/deep-equal-1.1.1.tgz",
      "integrity": "sha1-tcmMlCzv+vfLBR4k4UNKJaLmB2o=",
      "requires": {
        "is-arguments": "^1.0.4",
        "is-date-object": "^1.0.1",
        "is-regex": "^1.0.4",
        "object-is": "^1.0.1",
        "object-keys": "^1.1.1",
        "regexp.prototype.flags": "^1.2.0"
      }
    },
    "define-properties": {
      "version": "1.1.3",
      "resolved": "https://packages.syncron.team:443/api/npm/syncron-npm/define-properties/-/define-properties-1.1.3.tgz",
      "integrity": "sha1-z4jabL7ib+bbcJT2HYcMvYTO6fE=",
      "requires": {
        "object-keys": "^1.0.12"
      }
    },
    "dom-helpers": {
      "version": "3.4.0",
      "resolved": "https://packages.syncron.team:443/api/npm/syncron-npm/dom-helpers/-/dom-helpers-3.4.0.tgz",
      "integrity": "sha1-6bNpcA+Vn2Ls3lprq95LzNkWmvg=",
      "requires": {
        "@babel/runtime": "^7.1.2"
      }
    },
    "function-bind": {
      "version": "1.1.1",
      "resolved": "https://packages.syncron.team:443/api/npm/syncron-npm/function-bind/-/function-bind-1.1.1.tgz",
      "integrity": "sha1-pWiZ0+o8m6uHS7l3O3xe3pL0iV0="
    },
    "get-intrinsic": {
      "version": "1.1.1",
      "resolved": "https://packages.syncron.team:443/api/npm/syncron-npm/get-intrinsic/-/get-intrinsic-1.1.1.tgz",
      "integrity": "sha1-FfWfN2+FXERpY5SPDSTNNje0q8Y=",
      "requires": {
        "function-bind": "^1.1.1",
        "has": "^1.0.3",
        "has-symbols": "^1.0.1"
      }
    },
    "gud": {
      "version": "1.0.0",
      "resolved": "https://packages.syncron.team:443/api/npm/syncron-npm/gud/-/gud-1.0.0.tgz",
      "integrity": "sha1-pIlYGxfmpwvsqavjrlfeekmYUsA="
    },
    "has": {
      "version": "1.0.3",
      "resolved": "https://packages.syncron.team:443/api/npm/syncron-npm/has/-/has-1.0.3.tgz",
      "integrity": "sha1-ci18v8H2qoJB8W3YFOAR4fQeh5Y=",
      "requires": {
        "function-bind": "^1.1.1"
      }
    },
    "has-symbols": {
      "version": "1.0.2",
      "resolved": "https://packages.syncron.team:443/api/npm/syncron-npm/has-symbols/-/has-symbols-1.0.2.tgz",
      "integrity": "sha1-Fl0wcMADCXUqEjakeTMeOsVvFCM="
    },
    "has-tostringtag": {
      "version": "1.0.0",
      "resolved": "https://packages.syncron.team:443/api/npm/syncron-npm/has-tostringtag/-/has-tostringtag-1.0.0.tgz",
      "integrity": "sha1-fhM4GKfTlHNPlB5zw9P5KR5liyU=",
      "requires": {
        "has-symbols": "^1.0.2"
      }
    },
    "history": {
      "version": "4.10.1",
      "resolved": "https://packages.syncron.team:443/api/npm/syncron-npm/history/-/history-4.10.1.tgz",
      "integrity": "sha1-MzcaZeOoOyZ0NOKz87G0xYqtTPM=",
      "requires": {
        "@babel/runtime": "^7.1.2",
        "loose-envify": "^1.2.0",
        "resolve-pathname": "^3.0.0",
        "tiny-invariant": "^1.0.2",
        "tiny-warning": "^1.0.0",
        "value-equal": "^1.0.1"
      }
    },
    "hoist-non-react-statics": {
      "version": "3.3.2",
      "resolved": "https://packages.syncron.team:443/api/npm/syncron-npm/hoist-non-react-statics/-/hoist-non-react-statics-3.3.2.tgz",
      "integrity": "sha1-7OCsr3HWLClpwuxZ/v9CpLGoW0U=",
      "requires": {
        "react-is": "^16.7.0"
      }
    },
    "is-arguments": {
      "version": "1.1.1",
      "resolved": "https://packages.syncron.team:443/api/npm/syncron-npm/is-arguments/-/is-arguments-1.1.1.tgz",
      "integrity": "sha1-FbP4j9oB8ql/7ITKdhpWDxI++ps=",
      "requires": {
        "call-bind": "^1.0.2",
        "has-tostringtag": "^1.0.0"
      }
    },
    "is-date-object": {
      "version": "1.0.5",
      "resolved": "https://packages.syncron.team:443/api/npm/syncron-npm/is-date-object/-/is-date-object-1.0.5.tgz",
      "integrity": "sha1-CEHVU25yTCVZe/bqYuG9OCmN8x8=",
      "requires": {
        "has-tostringtag": "^1.0.0"
      }
    },
    "is-regex": {
      "version": "1.1.4",
      "resolved": "https://packages.syncron.team:443/api/npm/syncron-npm/is-regex/-/is-regex-1.1.4.tgz",
      "integrity": "sha1-7vVmPNWfpMCuM5UFMj32hUuxWVg=",
      "requires": {
        "call-bind": "^1.0.2",
        "has-tostringtag": "^1.0.0"
      }
    },
    "isarray": {
      "version": "0.0.1",
      "resolved": "https://packages.syncron.team:443/api/npm/syncron-npm/isarray/-/isarray-0.0.1.tgz",
      "integrity": "sha1-ihis/Kmo9Bd+Cav8YDiTmwXR7t8="
    },
    "js-tokens": {
      "version": "4.0.0",
      "resolved": "https://packages.syncron.team:443/api/npm/syncron-npm/js-tokens/-/js-tokens-4.0.0.tgz",
      "integrity": "sha1-GSA/tZmR35jjoocFDUZHzerzJJk="
    },
    "loose-envify": {
      "version": "1.4.0",
      "resolved": "https://packages.syncron.team:443/api/npm/syncron-npm/loose-envify/-/loose-envify-1.4.0.tgz",
      "integrity": "sha1-ce5R+nvkyuwaY4OffmgtgTLTDK8=",
      "requires": {
        "js-tokens": "^3.0.0 || ^4.0.0"
      }
    },
    "mini-create-react-context": {
      "version": "0.4.1",
      "resolved": "https://packages.syncron.team:443/api/npm/syncron-npm/mini-create-react-context/-/mini-create-react-context-0.4.1.tgz",
      "integrity": "sha1-ByFxVhv9ySLaCKYMIZekl8wtHV4=",
      "requires": {
        "@babel/runtime": "^7.12.1",
        "tiny-warning": "^1.0.3"
      }
    },
    "object-assign": {
      "version": "4.1.1",
      "resolved": "https://packages.syncron.team:443/api/npm/syncron-npm/object-assign/-/object-assign-4.1.1.tgz",
      "integrity": "sha1-IQmtx5ZYh8/AXLvUQsrIv7s2CGM="
    },
    "object-is": {
      "version": "1.1.5",
      "resolved": "https://packages.syncron.team:443/api/npm/syncron-npm/object-is/-/object-is-1.1.5.tgz",
      "integrity": "sha1-ud7qpfx/GEag+uzc7sE45XePU6w=",
      "requires": {
        "call-bind": "^1.0.2",
        "define-properties": "^1.1.3"
      }
    },
    "object-keys": {
      "version": "1.1.1",
      "resolved": "https://packages.syncron.team:443/api/npm/syncron-npm/object-keys/-/object-keys-1.1.1.tgz",
      "integrity": "sha1-HEfyct8nfzsdrwYWd9nILiMixg4="
    },
    "path-to-regexp": {
      "version": "1.8.0",
      "resolved": "https://packages.syncron.team:443/api/npm/syncron-npm/path-to-regexp/-/path-to-regexp-1.8.0.tgz",
      "integrity": "sha1-iHs7qdhDk+h6CgufTLdWGYtTVIo=",
      "requires": {
        "isarray": "0.0.1"
      }
    },
    "popper.js": {
      "version": "1.16.1",
      "resolved": "https://packages.syncron.team:443/api/npm/syncron-npm/popper.js/-/popper.js-1.16.1.tgz",
      "integrity": "sha1-KiI8s9x7YhPXQOQDcr5A3kPmWxs="
    },
    "prop-types": {
      "version": "15.7.2",
      "resolved": "https://packages.syncron.team:443/api/npm/syncron-npm/prop-types/-/prop-types-15.7.2.tgz",
      "integrity": "sha1-UsQedbjIfnK52TYOAga5ncv/psU=",
      "requires": {
        "loose-envify": "^1.4.0",
        "object-assign": "^4.1.1",
        "react-is": "^16.8.1"
      }
    },
    "react": {
      "version": "17.0.2",
      "resolved": "https://packages.syncron.team:443/api/npm/syncron-npm/react/-/react-17.0.2.tgz",
      "integrity": "sha1-0LXMUW0p6z7uOD91tihkz7aAADc=",
      "peer": true,
      "requires": {
        "loose-envify": "^1.1.0",
        "object-assign": "^4.1.1"
      }
    },
    "react-cookie": {
      "version": "4.1.1",
      "resolved": "https://packages.syncron.team:443/api/npm/syncron-npm/react-cookie/-/react-cookie-4.1.1.tgz",
      "integrity": "sha1-gy4TStcg4N4+A96s6qsXnEBhoZ0=",
      "requires": {
        "@types/hoist-non-react-statics": "^3.0.1",
        "hoist-non-react-statics": "^3.0.0",
        "universal-cookie": "^4.0.0"
      }
    },
    "react-dom": {
      "version": "17.0.2",
      "resolved": "https://packages.syncron.team:443/api/npm/syncron-npm/react-dom/-/react-dom-17.0.2.tgz",
      "integrity": "sha1-7P+2hF462Nv83EmPDQqTlzZQLCM=",
      "peer": true,
      "requires": {
        "loose-envify": "^1.1.0",
        "object-assign": "^4.1.1",
        "scheduler": "^0.20.2"
      }
    },
    "react-is": {
      "version": "16.13.1",
      "resolved": "https://packages.syncron.team:443/api/npm/syncron-npm/react-is/-/react-is-16.13.1.tgz",
      "integrity": "sha1-eJcppNw23imZ3BVt1sHZwYzqVqQ="
    },
    "react-lifecycles-compat": {
      "version": "3.0.4",
      "resolved": "https://packages.syncron.team:443/api/npm/syncron-npm/react-lifecycles-compat/-/react-lifecycles-compat-3.0.4.tgz",
      "integrity": "sha1-TxonOv38jzSIqMUWv9p4+HI1I2I="
    },
    "react-popper": {
      "version": "1.3.11",
      "resolved": "https://packages.syncron.team:443/api/npm/syncron-npm/react-popper/-/react-popper-1.3.11.tgz",
      "integrity": "sha1-osw/Cme3W2bPpi0sQJ+d0fzHH/0=",
      "requires": {
        "@babel/runtime": "^7.1.2",
        "@hypnosphi/create-react-context": "^0.3.1",
        "deep-equal": "^1.1.1",
        "popper.js": "^1.14.4",
        "prop-types": "^15.6.1",
        "typed-styles": "^0.0.7",
        "warning": "^4.0.2"
      }
    },
    "react-router": {
      "version": "5.2.1",
      "resolved": "https://packages.syncron.team:443/api/npm/syncron-npm/react-router/-/react-router-5.2.1.tgz",
      "integrity": "sha1-TS5OnVrpQlCRhFuNvG2dJ2I5d00=",
      "requires": {
        "@babel/runtime": "^7.12.13",
        "history": "^4.9.0",
        "hoist-non-react-statics": "^3.1.0",
        "loose-envify": "^1.3.1",
        "mini-create-react-context": "^0.4.0",
        "path-to-regexp": "^1.7.0",
        "prop-types": "^15.6.2",
        "react-is": "^16.6.0",
        "tiny-invariant": "^1.0.2",
        "tiny-warning": "^1.0.0"
      }
    },
    "react-router-dom": {
      "version": "5.3.0",
      "resolved": "https://packages.syncron.team:443/api/npm/syncron-npm/react-router-dom/-/react-router-dom-5.3.0.tgz",
      "integrity": "sha1-2hv7U1oOiacSqTuX3Xb0etHzI2M=",
      "requires": {
        "@babel/runtime": "^7.12.13",
        "history": "^4.9.0",
        "loose-envify": "^1.3.1",
        "prop-types": "^15.6.2",
        "react-router": "5.2.1",
        "tiny-invariant": "^1.0.2",
        "tiny-warning": "^1.0.0"
      }
    },
    "react-transition-group": {
      "version": "2.9.0",
      "resolved": "https://packages.syncron.team:443/api/npm/syncron-npm/react-transition-group/-/react-transition-group-2.9.0.tgz",
      "integrity": "sha1-35zbAleWIRFRpDbGmo87l7WwfI0=",
      "requires": {
        "dom-helpers": "^3.4.0",
        "loose-envify": "^1.4.0",
        "prop-types": "^15.6.2",
        "react-lifecycles-compat": "^3.0.4"
      }
    },
    "reactstrap": {
      "version": "8.10.0",
      "resolved": "https://packages.syncron.team:443/api/npm/syncron-npm/reactstrap/-/reactstrap-8.10.0.tgz",
      "integrity": "sha1-3bgwZ1JqCnzxxOiYjG6Idn0zbpw=",
      "requires": {
        "@babel/runtime": "^7.12.5",
        "classnames": "^2.2.3",
        "prop-types": "^15.5.8",
        "react-popper": "^1.3.6",
        "react-transition-group": "^2.3.1"
      }
    },
    "regenerator-runtime": {
      "version": "0.13.9",
      "resolved": "https://packages.syncron.team:443/api/npm/syncron-npm/regenerator-runtime/-/regenerator-runtime-0.13.9.tgz",
      "integrity": "sha1-iSV0Kpj/2QgUmI11Zq0wyjsmO1I="
    },
    "regexp.prototype.flags": {
      "version": "1.3.1",
      "resolved": "https://packages.syncron.team:443/api/npm/syncron-npm/regexp.prototype.flags/-/regexp.prototype.flags-1.3.1.tgz",
      "integrity": "sha1-fvNSro0VnnWMDq3Kb4/LTu8HviY=",
      "requires": {
        "call-bind": "^1.0.2",
        "define-properties": "^1.1.3"
      }
    },
    "resolve-pathname": {
      "version": "3.0.0",
      "resolved": "https://packages.syncron.team:443/api/npm/syncron-npm/resolve-pathname/-/resolve-pathname-3.0.0.tgz",
      "integrity": "sha1-mdAiJNPPJjaJvsuzk7xWAxMCXc0="
    },
    "scheduler": {
      "version": "0.20.2",
      "resolved": "https://packages.syncron.team:443/api/npm/syncron-npm/scheduler/-/scheduler-0.20.2.tgz",
      "integrity": "sha1-S67jlDbjSqk7SHS93L8P6Li1DpE=",
      "peer": true,
      "requires": {
        "loose-envify": "^1.1.0",
        "object-assign": "^4.1.1"
      }
    },
    "tiny-invariant": {
      "version": "1.2.0",
      "resolved": "https://packages.syncron.team:443/api/npm/syncron-npm/tiny-invariant/-/tiny-invariant-1.2.0.tgz",
      "integrity": "sha1-oRQfhrZyqRSMcul4oZpzublKFak="
    },
    "tiny-warning": {
      "version": "1.0.3",
      "resolved": "https://packages.syncron.team:443/api/npm/syncron-npm/tiny-warning/-/tiny-warning-1.0.3.tgz",
      "integrity": "sha1-lKMNtFPfTGQ9D9VmBg1gqHXYR1Q="
    },
    "typed-styles": {
      "version": "0.0.7",
      "resolved": "https://packages.syncron.team:443/api/npm/syncron-npm/typed-styles/-/typed-styles-0.0.7.tgz",
      "integrity": "sha1-kzkqAIeUxFlRGf9i3eaAnbxAo9k="
    },
    "universal-cookie": {
      "version": "4.0.4",
      "resolved": "https://packages.syncron.team:443/api/npm/syncron-npm/universal-cookie/-/universal-cookie-4.0.4.tgz",
      "integrity": "sha1-BuizYlv5rwSVae+XEJtLsiateY0=",
      "requires": {
        "@types/cookie": "^0.3.3",
        "cookie": "^0.4.0"
      }
    },
    "value-equal": {
      "version": "1.0.1",
      "resolved": "https://packages.syncron.team:443/api/npm/syncron-npm/value-equal/-/value-equal-1.0.1.tgz",
      "integrity": "sha1-Hgt5THNMXAyt4XnEN9NW2TGjTWw="
    },
    "warning": {
      "version": "4.0.3",
      "resolved": "https://packages.syncron.team:443/api/npm/syncron-npm/warning/-/warning-4.0.3.tgz",
      "integrity": "sha1-Fungd+uKhtavfWSqHgX9hbRnjKM=",
      "requires": {
        "loose-envify": "^1.0.0"
      }
    }
  }
}
